
Microsoft Visual Studio Solution File, Format Version 12.00
# Visual Studio Version 16
VisualStudioVersion = 16.0.30114.105
MinimumVisualStudioVersion = 10.0.40219.1
Project("{FAE04EC0-301F-11D3-BF4B-00C04F79EFBC}") = "API", "API\API.csproj", "{8EEE70A0-3C7A-4E26-870A-233CE0E67759}"
EndProject
Project("{FAE04EC0-301F-11D3-BF4B-00C04F79EFBC}") = "Application", "Application\Application.csproj", "{3FDF4392-4EEE-4DAB-AF0A-032EB3D49821}"
EndProject
Project("{FAE04EC0-301F-11D3-BF4B-00C04F79EFBC}") = "Persistence", "Persistence\Persistence.csproj", "{3D846E06-6A0E-41BA-A07B-1782DAA5CC86}"
EndProject
Project("{FAE04EC0-301F-11D3-BF4B-00C04F79EFBC}") = "Domain", "Domain\Domain.csproj", "{CC4424B6-A9EB-4D6C-B7BC-FCFE88881423}"
EndProject
Global
	GlobalSection(SolutionConfigurationPlatforms) = preSolution
		Debug|Any CPU = Debug|Any CPU
		Release|Any CPU = Release|Any CPU
	EndGlobalSection
	GlobalSection(SolutionProperties) = preSolution
		HideSolutionNode = FALSE
	EndGlobalSection
	GlobalSection(ProjectConfigurationPlatforms) = postSolution
		{8EEE70A0-3C7A-4E26-870A-233CE0E67759}.Debug|Any CPU.ActiveCfg = Debug|Any CPU
		{8EEE70A0-3C7A-4E26-870A-233CE0E67759}.Debug|Any CPU.Build.0 = Debug|Any CPU
		{8EEE70A0-3C7A-4E26-870A-233CE0E67759}.Release|Any CPU.ActiveCfg = Release|Any CPU
		{8EEE70A0-3C7A-4E26-870A-233CE0E67759}.Release|Any CPU.Build.0 = Release|Any CPU
		{3FDF4392-4EEE-4DAB-AF0A-032EB3D49821}.Debug|Any CPU.ActiveCfg = Debug|Any CPU
		{3FDF4392-4EEE-4DAB-AF0A-032EB3D49821}.Debug|Any CPU.Build.0 = Debug|Any CPU
		{3FDF4392-4EEE-4DAB-AF0A-032EB3D49821}.Release|Any CPU.ActiveCfg = Release|Any CPU
		{3FDF4392-4EEE-4DAB-AF0A-032EB3D49821}.Release|Any CPU.Build.0 = Release|Any CPU
		{3D846E06-6A0E-41BA-A07B-1782DAA5CC86}.Debug|Any CPU.ActiveCfg = Debug|Any CPU
		{3D846E06-6A0E-41BA-A07B-1782DAA5CC86}.Debug|Any CPU.Build.0 = Debug|Any CPU
		{3D846E06-6A0E-41BA-A07B-1782DAA5CC86}.Release|Any CPU.ActiveCfg = Release|Any CPU
		{3D846E06-6A0E-41BA-A07B-1782DAA5CC86}.Release|Any CPU.Build.0 = Release|Any CPU
		{CC4424B6-A9EB-4D6C-B7BC-FCFE88881423}.Debug|Any CPU.ActiveCfg = Debug|Any CPU
		{CC4424B6-A9EB-4D6C-B7BC-FCFE88881423}.Debug|Any CPU.Build.0 = Debug|Any CPU
		{CC4424B6-A9EB-4D6C-B7BC-FCFE88881423}.Release|Any CPU.ActiveCfg = Release|Any CPU
		{CC4424B6-A9EB-4D6C-B7BC-FCFE88881423}.Release|Any CPU.Build.0 = Release|Any CPU
	EndGlobalSection
EndGlobal
